
Microsoft Visual Studio Solution File, Format Version 12.00
# Visual Studio Version 16
VisualStudioVersion = 16.0.29201.188
MinimumVisualStudioVersion = 10.0.40219.1
Project("{FAE04EC0-301F-11D3-BF4B-00C04F79EFBC}") = "Teste", "Teste\Teste.csproj", "{EBADE7D9-EC6A-48B4-9003-2A7FDEAEE525}"
EndProject
Global
	GlobalSection(SolutionConfigurationPlatforms) = preSolution
		Debug|Any CPU = Debug|Any CPU
		Release|Any CPU = Release|Any CPU
	EndGlobalSection
	GlobalSection(ProjectConfigurationPlatforms) = postSolution
		{EBADE7D9-EC6A-48B4-9003-2A7FDEAEE525}.Debug|Any CPU.ActiveCfg = Debug|Any CPU
		{EBADE7D9-EC6A-48B4-9003-2A7FDEAEE525}.Debug|Any CPU.Build.0 = Debug|Any CPU
		{EBADE7D9-EC6A-48B4-9003-2A7FDEAEE525}.Release|Any CPU.ActiveCfg = Release|Any CPU
		{EBADE7D9-EC6A-48B4-9003-2A7FDEAEE525}.Release|Any CPU.Build.0 = Release|Any CPU
	EndGlobalSection
	GlobalSection(SolutionProperties) = preSolution
		HideSolutionNode = FALSE
	EndGlobalSection
	GlobalSection(ExtensibilityGlobals) = postSolution
		SolutionGuid = {B8CF3BFE-E080-4854-BE61-BF7BC00E07D4}
	EndGlobalSection
EndGlobal
